# @generated by Move, please check-in and do not edit manually.

[move]
version = 3
manifest_digest = "B83051627863FF30F59947F3ED366735F8EE618EA09B1BDC256F904CCC4064E2"
deps_digest = "3C4103934B1E040BB6B23F1D610B4EF9F2F1166A50A104EADCF77467C004C600"
dependencies = [
  { id = "Sui", name = "Sui" },
  { id = "attestation", name = "attestation" },
]

[[move.package]]
id = "MoveStdlib"
source = { git = "https://github.com/MystenLabs/sui.git", rev = "framework/testnet", subdir = "crates/sui-framework/packages/move-stdlib" }

[[move.package]]
id = "Sui"
source = { git = "https://github.com/MystenLabs/sui.git", rev = "framework/testnet", subdir = "crates/sui-framework/packages/sui-framework" }

dependencies = [
  { id = "MoveStdlib", name = "MoveStdlib" },
]

[[move.package]]
id = "attestation"
source = { local = "../attestation" }

dependencies = [
  { id = "Sui", name = "Sui" },
]

[move.toolchain-version]
compiler-version = "1.45.2"
edition = "2024.beta"
flavor = "sui"

[env]

[env.testnet]
chain-id = "4c78adac"
original-published-id = "0xafc0207f5360c6389102dfab47e9c6f150aeb02afa7d2ff702e26486b1576166"
latest-published-id = "0xafc0207f5360c6389102dfab47e9c6f150aeb02afa7d2ff702e26486b1576166"
published-version = "1"
