# @generated by Move, please check-in and do not edit manually.

[move]
version = 3
manifest_digest = "1815F4C7442DC784572126401FDF0A7660C297365202E57356406702DB598D5D"
deps_digest = "F8BBB0CCB2491CA29A3DF03D6F92277A4F3574266507ACD77214D37ECA3F3082"
dependencies = [
  { id = "Sui", name = "Sui" },
]

[[move.package]]
id = "MoveStdlib"
source = { git = "https://github.com/MystenLabs/sui.git", rev = "framework/testnet", subdir = "crates/sui-framework/packages/move-stdlib" }

[[move.package]]
id = "Sui"
source = { git = "https://github.com/MystenLabs/sui.git", rev = "framework/testnet", subdir = "crates/sui-framework/packages/sui-framework" }

dependencies = [
  { id = "MoveStdlib", name = "MoveStdlib" },
]

[move.toolchain-version]
compiler-version = "1.45.2"
edition = "2024.beta"
flavor = "sui"

[env]

[env.testnet]
chain-id = "4c78adac"
original-published-id = "0x13541c955ce8db04e0eae2da7f03bc3bbd6a58071f6af2f702ec21cd12f56825"
latest-published-id = "0x13541c955ce8db04e0eae2da7f03bc3bbd6a58071f6af2f702ec21cd12f56825"
published-version = "1"
